
Microsoft Visual Studio Solution File, Format Version 12.00
# Visual Studio Version 17
VisualStudioVersion = 17.0.31912.275
MinimumVisualStudioVersion = 10.0.40219.1
Project("{9A19103F-16F7-4668-BE54-9A1E7A4F7556}") = "my-books", "my-books\my-books.csproj", "{EF8AEC89-33BD-4A66-94DD-A21CFD1BC6EC}"
EndProject
Project("{FAE04EC0-301F-11D3-BF4B-00C04F79EFBC}") = "my-books-tests", "my-books-tests\my-books-tests.csproj", "{46C42BE5-7701-40E6-95FF-9001BC573870}"
EndProject
Global
	GlobalSection(SolutionConfigurationPlatforms) = preSolution
		Debug|Any CPU = Debug|Any CPU
		Release|Any CPU = Release|Any CPU
	EndGlobalSection
	GlobalSection(ProjectConfigurationPlatforms) = postSolution
		{EF8AEC89-33BD-4A66-94DD-A21CFD1BC6EC}.Debug|Any CPU.ActiveCfg = Debug|Any CPU
		{EF8AEC89-33BD-4A66-94DD-A21CFD1BC6EC}.Debug|Any CPU.Build.0 = Debug|Any CPU
		{EF8AEC89-33BD-4A66-94DD-A21CFD1BC6EC}.Release|Any CPU.ActiveCfg = Release|Any CPU
		{EF8AEC89-33BD-4A66-94DD-A21CFD1BC6EC}.Release|Any CPU.Build.0 = Release|Any CPU
		{46C42BE5-7701-40E6-95FF-9001BC573870}.Debug|Any CPU.ActiveCfg = Debug|Any CPU
		{46C42BE5-7701-40E6-95FF-9001BC573870}.Debug|Any CPU.Build.0 = Debug|Any CPU
		{46C42BE5-7701-40E6-95FF-9001BC573870}.Release|Any CPU.ActiveCfg = Release|Any CPU
		{46C42BE5-7701-40E6-95FF-9001BC573870}.Release|Any CPU.Build.0 = Release|Any CPU
	EndGlobalSection
	GlobalSection(SolutionProperties) = preSolution
		HideSolutionNode = FALSE
	EndGlobalSection
	GlobalSection(ExtensibilityGlobals) = postSolution
		SolutionGuid = {7AC00575-1942-4B1E-AAC6-E4F955C9F533}
	EndGlobalSection
EndGlobal
